// !$*UTF8*$!
{
	archiveVersion = 1;
	classes = {
	};
	objectVersion = 50;
	objects = {

/* Begin PBXBuildFile section */
		0A138B4F2272195300064177 /* Decode.swift in Sources */ = {isa = PBXBuildFile; fileRef = 0A138B4B2271E98200064177 /* Decode.swift */; };
		0A138B58227231D000064177 /* AppDelegate.swift in Sources */ = {isa = PBXBuildFile; fileRef = 0A138B57227231D000064177 /* AppDelegate.swift */; };
		0A138B5A227231D100064177 /* Assets.xcassets in Resources */ = {isa = PBXBuildFile; fileRef = 0A138B59227231D100064177 /* Assets.xcassets */; };
		0A138B5D227231D100064177 /* MainMenu.xib in Resources */ = {isa = PBXBuildFile; fileRef = 0A138B5B227231D100064177 /* MainMenu.xib */; };
		0A138B652272326C00064177 /* libWebLook.a in Frameworks */ = {isa = PBXBuildFile; fileRef = 0A138B452271E94B00064177 /* libWebLook.a */; };
		0A138B662272327C00064177 /* Renderer.swift in Sources */ = {isa = PBXBuildFile; fileRef = 0A70AD5F226F654800AC1BC4 /* Renderer.swift */; };
		0A138B672272328500064177 /* Shaders.metal in Sources */ = {isa = PBXBuildFile; fileRef = 0AC026F6226F67F600C0961C /* Shaders.metal */; };
		0A138B762272394B00064177 /* Generate.c in Sources */ = {isa = PBXBuildFile; fileRef = 0A138B752272394B00064177 /* Generate.c */; };
		0A138B782272394B00064177 /* main.c in Sources */ = {isa = PBXBuildFile; fileRef = 0A138B772272394B00064177 /* main.c */; };
		0A138B7D227239B200064177 /* WebP.framework in Frameworks */ = {isa = PBXBuildFile; fileRef = 0A70AD3B226F642D00AC1BC4 /* WebP.framework */; };
/* End PBXBuildFile section */

/* Begin PBXFileReference section */
		0A138B452271E94B00064177 /* libWebLook.a */ = {isa = PBXFileReference; explicitFileType = archive.ar; includeInIndex = 0; path = libWebLook.a; sourceTree = BUILT_PRODUCTS_DIR; };
		0A138B4A2271E98100064177 /* WebLook-Bridging-Header.h */ = {isa = PBXFileReference; lastKnownFileType = sourcecode.c.h; path = "WebLook-Bridging-Header.h"; sourceTree = "<group>"; };
		0A138B4B2271E98200064177 /* Decode.swift */ = {isa = PBXFileReference; lastKnownFileType = sourcecode.swift; path = Decode.swift; sourceTree = "<group>"; };
		0A138B55227231D000064177 /* WebLookApplication.app */ = {isa = PBXFileReference; explicitFileType = wrapper.application; includeInIndex = 0; path = WebLookApplication.app; sourceTree = BUILT_PRODUCTS_DIR; };
		0A138B57227231D000064177 /* AppDelegate.swift */ = {isa = PBXFileReference; lastKnownFileType = sourcecode.swift; path = AppDelegate.swift; sourceTree = "<group>"; };
		0A138B59227231D100064177 /* Assets.xcassets */ = {isa = PBXFileReference; lastKnownFileType = folder.assetcatalog; path = Assets.xcassets; sourceTree = "<group>"; };
		0A138B5C227231D100064177 /* Base */ = {isa = PBXFileReference; lastKnownFileType = file.xib; name = Base; path = Base.lproj/MainMenu.xib; sourceTree = "<group>"; };
		0A138B5E227231D100064177 /* Info.plist */ = {isa = PBXFileReference; lastKnownFileType = text.plist.xml; path = Info.plist; sourceTree = "<group>"; };
		0A138B5F227231D100064177 /* WebLookApplication.entitlements */ = {isa = PBXFileReference; lastKnownFileType = text.plist.entitlements; path = WebLookApplication.entitlements; sourceTree = "<group>"; };
		0A138B712272394B00064177 /* WebLookQuickLookPlugIn.qlgenerator */ = {isa = PBXFileReference; explicitFileType = wrapper.cfbundle; includeInIndex = 0; path = WebLookQuickLookPlugIn.qlgenerator; sourceTree = BUILT_PRODUCTS_DIR; };
		0A138B752272394B00064177 /* Generate.c */ = {isa = PBXFileReference; lastKnownFileType = sourcecode.c.c; path = Generate.c; sourceTree = "<group>"; };
		0A138B772272394B00064177 /* main.c */ = {isa = PBXFileReference; lastKnownFileType = sourcecode.c.c; path = main.c; sourceTree = "<group>"; };
		0A138B792272394B00064177 /* Info.plist */ = {isa = PBXFileReference; lastKnownFileType = text.plist.xml; path = Info.plist; sourceTree = "<group>"; };
		0A70AD3B226F642D00AC1BC4 /* WebP.framework */ = {isa = PBXFileReference; lastKnownFileType = wrapper.framework; name = WebP.framework; path = /Users/felixnaredi/Documents/git/WebLook/WebLook/../../../../../../Library/Frameworks/WebP.framework; sourceTree = "<absolute>"; };
		0A70AD43226F649D00AC1BC4 /* Quartz.framework */ = {isa = PBXFileReference; lastKnownFileType = wrapper.framework; name = Quartz.framework; path = System/Library/Frameworks/Quartz.framework; sourceTree = SDKROOT; };
		0A70AD5F226F654800AC1BC4 /* Renderer.swift */ = {isa = PBXFileReference; lastKnownFileType = sourcecode.swift; path = Renderer.swift; sourceTree = "<group>"; };
		0AC026F1226F671500C0961C /* WebLook-Bridging-Header.h */ = {isa = PBXFileReference; lastKnownFileType = sourcecode.c.h; path = "WebLook-Bridging-Header.h"; sourceTree = "<group>"; };
		0AC026F2226F679200C0961C /* WEBLShaderTypes.h */ = {isa = PBXFileReference; lastKnownFileType = sourcecode.c.h; path = WEBLShaderTypes.h; sourceTree = "<group>"; };
		0AC026F6226F67F600C0961C /* Shaders.metal */ = {isa = PBXFileReference; lastKnownFileType = sourcecode.metal; path = Shaders.metal; sourceTree = "<group>"; };
/* End PBXFileReference section */

/* Begin PBXFrameworksBuildPhase section */
		0A138B432271E94B00064177 /* Frameworks */ = {
			isa = PBXFrameworksBuildPhase;
			buildActionMask = 2147483647;
			files = (
			);
			runOnlyForDeploymentPostprocessing = 0;
		};
		0A138B52227231D000064177 /* Frameworks */ = {
			isa = PBXFrameworksBuildPhase;
			buildActionMask = 2147483647;
			files = (
				0A138B652272326C00064177 /* libWebLook.a in Frameworks */,
			);
			runOnlyForDeploymentPostprocessing = 0;
		};
		0A138B6E2272394B00064177 /* Frameworks */ = {
			isa = PBXFrameworksBuildPhase;
			buildActionMask = 2147483647;
			files = (
				0A138B7D227239B200064177 /* WebP.framework in Frameworks */,
			);
			runOnlyForDeploymentPostprocessing = 0;
		};
/* End PBXFrameworksBuildPhase section */

/* Begin PBXGroup section */
		0A138B492271E96000064177 /* WebLook */ = {
			isa = PBXGroup;
			children = (
				0A138B4B2271E98200064177 /* Decode.swift */,
				0A138B4A2271E98100064177 /* WebLook-Bridging-Header.h */,
			);
			path = WebLook;
			sourceTree = "<group>";
		};
		0A138B56227231D000064177 /* WebLookApplication */ = {
			isa = PBXGroup;
			children = (
				0A138B57227231D000064177 /* AppDelegate.swift */,
				0A138B59227231D100064177 /* Assets.xcassets */,
				0A138B5B227231D100064177 /* MainMenu.xib */,
				0A138B5E227231D100064177 /* Info.plist */,
				0A138B5F227231D100064177 /* WebLookApplication.entitlements */,
			);
			path = WebLookApplication;
			sourceTree = "<group>";
		};
		0A138B642272323800064177 /* macOS */ = {
			isa = PBXGroup;
			children = (
				0A138B722272394B00064177 /* WebLookQuickLookPlugIn */,
				0A70AD3D226F643400AC1BC4 /* Render */,
				0A138B56227231D000064177 /* WebLookApplication */,
			);
			path = macOS;
			sourceTree = "<group>";
		};
		0A138B722272394B00064177 /* WebLookQuickLookPlugIn */ = {
			isa = PBXGroup;
			children = (
				0A138B752272394B00064177 /* Generate.c */,
				0A138B772272394B00064177 /* main.c */,
				0A138B792272394B00064177 /* Info.plist */,
			);
			path = WebLookQuickLookPlugIn;
			sourceTree = "<group>";
		};
		0A3EFFB5226F64080052FA0E = {
			isa = PBXGroup;
			children = (
				0A138B642272323800064177 /* macOS */,
				0A138B492271E96000064177 /* WebLook */,
				0A3EFFC1226F64130052FA0E /* Products */,
				0A70AD3A226F642D00AC1BC4 /* Frameworks */,
			);
			sourceTree = "<group>";
		};
		0A3EFFC1226F64130052FA0E /* Products */ = {
			isa = PBXGroup;
			children = (
				0A138B452271E94B00064177 /* libWebLook.a */,
				0A138B55227231D000064177 /* WebLookApplication.app */,
				0A138B712272394B00064177 /* WebLookQuickLookPlugIn.qlgenerator */,
			);
			name = Products;
			sourceTree = "<group>";
		};
		0A70AD3A226F642D00AC1BC4 /* Frameworks */ = {
			isa = PBXGroup;
			children = (
				0A70AD3B226F642D00AC1BC4 /* WebP.framework */,
				0A70AD43226F649D00AC1BC4 /* Quartz.framework */,
			);
			name = Frameworks;
			sourceTree = "<group>";
		};
		0A70AD3D226F643400AC1BC4 /* Render */ = {
			isa = PBXGroup;
			children = (
				0A70AD5F226F654800AC1BC4 /* Renderer.swift */,
				0AC026F1226F671500C0961C /* WebLook-Bridging-Header.h */,
				0AC026F2226F679200C0961C /* WEBLShaderTypes.h */,
				0AC026F6226F67F600C0961C /* Shaders.metal */,
			);
			path = Render;
			sourceTree = "<group>";
		};
/* End PBXGroup section */

/* Begin PBXHeadersBuildPhase section */
		0A138B412271E94B00064177 /* Headers */ = {
			isa = PBXHeadersBuildPhase;
			buildActionMask = 2147483647;
			files = (
			);
			runOnlyForDeploymentPostprocessing = 0;
		};
		0A138B6C2272394B00064177 /* Headers */ = {
			isa = PBXHeadersBuildPhase;
			buildActionMask = 2147483647;
			files = (
			);
			runOnlyForDeploymentPostprocessing = 0;
		};
/* End PBXHeadersBuildPhase section */

/* Begin PBXNativeTarget section */
		0A138B442271E94B00064177 /* WebLook */ = {
			isa = PBXNativeTarget;
			buildConfigurationList = 0A138B482271E94B00064177 /* Build configuration list for PBXNativeTarget "WebLook" */;
			buildPhases = (
				0A138B412271E94B00064177 /* Headers */,
				0A138B422271E94B00064177 /* Sources */,
				0A138B432271E94B00064177 /* Frameworks */,
			);
			buildRules = (
			);
			dependencies = (
			);
			name = WebLook;
			productName = WebLook;
			productReference = 0A138B452271E94B00064177 /* libWebLook.a */;
			productType = "com.apple.product-type.library.static";
		};
		0A138B54227231D000064177 /* WebLookApplication */ = {
			isa = PBXNativeTarget;
			buildConfigurationList = 0A138B60227231D100064177 /* Build configuration list for PBXNativeTarget "WebLookApplication" */;
			buildPhases = (
				0A138B51227231D000064177 /* Sources */,
				0A138B52227231D000064177 /* Frameworks */,
				0A138B53227231D000064177 /* Resources */,
			);
			buildRules = (
			);
			dependencies = (
			);
			name = WebLookApplication;
			productName = WebLookApplication;
			productReference = 0A138B55227231D000064177 /* WebLookApplication.app */;
			productType = "com.apple.product-type.application";
		};
		0A138B702272394B00064177 /* WebLookQuickLookPlugIn */ = {
			isa = PBXNativeTarget;
			buildConfigurationList = 0A138B7A2272394B00064177 /* Build configuration list for PBXNativeTarget "WebLookQuickLookPlugIn" */;
			buildPhases = (
				0A138B6C2272394B00064177 /* Headers */,
				0A138B6D2272394B00064177 /* Sources */,
				0A138B6E2272394B00064177 /* Frameworks */,
				0A138B6F2272394B00064177 /* Resources */,
			);
			buildRules = (
			);
			dependencies = (
			);
			name = WebLookQuickLookPlugIn;
			productName = WebLookQuickLookPlugIn;
			productReference = 0A138B712272394B00064177 /* WebLookQuickLookPlugIn.qlgenerator */;
			productType = "com.apple.product-type.bundle";
		};
/* End PBXNativeTarget section */

/* Begin PBXProject section */
		0A3EFFB6226F64080052FA0E /* Project object */ = {
			isa = PBXProject;
			attributes = {
				LastSwiftUpdateCheck = 1010;
				LastUpgradeCheck = 1010;
				TargetAttributes = {
					0A138B442271E94B00064177 = {
						CreatedOnToolsVersion = 10.1;
						LastSwiftMigration = 1010;
					};
					0A138B54227231D000064177 = {
						CreatedOnToolsVersion = 10.1;
						LastSwiftMigration = 1010;
					};
					0A138B702272394B00064177 = {
						CreatedOnToolsVersion = 10.1;
					};
				};
			};
			buildConfigurationList = 0A3EFFB9226F64080052FA0E /* Build configuration list for PBXProject "WebLook" */;
			compatibilityVersion = "Xcode 9.3";
			developmentRegion = en;
			hasScannedForEncodings = 0;
			knownRegions = (
				en,
				Base,
			);
			mainGroup = 0A3EFFB5226F64080052FA0E;
			productRefGroup = 0A3EFFC1226F64130052FA0E /* Products */;
			projectDirPath = "";
			projectRoot = "";
			targets = (
				0A138B442271E94B00064177 /* WebLook */,
				0A138B54227231D000064177 /* WebLookApplication */,
				0A138B702272394B00064177 /* WebLookQuickLookPlugIn */,
			);
		};
/* End PBXProject section */

/* Begin PBXResourcesBuildPhase section */
		0A138B53227231D000064177 /* Resources */ = {
			isa = PBXResourcesBuildPhase;
			buildActionMask = 2147483647;
			files = (
				0A138B5A227231D100064177 /* Assets.xcassets in Resources */,
				0A138B5D227231D100064177 /* MainMenu.xib in Resources */,
			);
			runOnlyForDeploymentPostprocessing = 0;
		};
		0A138B6F2272394B00064177 /* Resources */ = {
			isa = PBXResourcesBuildPhase;
			buildActionMask = 2147483647;
			files = (
			);
			runOnlyForDeploymentPostprocessing = 0;
		};
/* End PBXResourcesBuildPhase section */

/* Begin PBXSourcesBuildPhase section */
		0A138B422271E94B00064177 /* Sources */ = {
			isa = PBXSourcesBuildPhase;
			buildActionMask = 2147483647;
			files = (
				0A138B4F2272195300064177 /* Decode.swift in Sources */,
			);
			runOnlyForDeploymentPostprocessing = 0;
		};
		0A138B51227231D000064177 /* Sources */ = {
			isa = PBXSourcesBuildPhase;
			buildActionMask = 2147483647;
			files = (
				0A138B672272328500064177 /* Shaders.metal in Sources */,
				0A138B662272327C00064177 /* Renderer.swift in Sources */,
				0A138B58227231D000064177 /* AppDelegate.swift in Sources */,
			);
			runOnlyForDeploymentPostprocessing = 0;
		};
		0A138B6D2272394B00064177 /* Sources */ = {
			isa = PBXSourcesBuildPhase;
			buildActionMask = 2147483647;
			files = (
				0A138B762272394B00064177 /* Generate.c in Sources */,
				0A138B782272394B00064177 /* main.c in Sources */,
			);
			runOnlyForDeploymentPostprocessing = 0;
		};
/* End PBXSourcesBuildPhase section */

/* Begin PBXVariantGroup section */
		0A138B5B227231D100064177 /* MainMenu.xib */ = {
			isa = PBXVariantGroup;
			children = (
				0A138B5C227231D100064177 /* Base */,
			);
			name = MainMenu.xib;
			sourceTree = "<group>";
		};
/* End PBXVariantGroup section */

/* Begin XCBuildConfiguration section */
		0A138B462271E94B00064177 /* Debug */ = {
			isa = XCBuildConfiguration;
			buildSettings = {
				ALWAYS_SEARCH_USER_PATHS = NO;
				CLANG_ANALYZER_NONNULL = YES;
				CLANG_ANALYZER_NUMBER_OBJECT_CONVERSION = YES_AGGRESSIVE;
				CLANG_CXX_LANGUAGE_STANDARD = "gnu++14";
				CLANG_CXX_LIBRARY = "libc++";
				CLANG_ENABLE_MODULES = YES;
				CLANG_ENABLE_OBJC_ARC = YES;
				CLANG_ENABLE_OBJC_WEAK = YES;
				CLANG_WARN_BLOCK_CAPTURE_AUTORELEASING = YES;
				CLANG_WARN_BOOL_CONVERSION = YES;
				CLANG_WARN_COMMA = YES;
				CLANG_WARN_CONSTANT_CONVERSION = YES;
				CLANG_WARN_DEPRECATED_OBJC_IMPLEMENTATIONS = YES;
				CLANG_WARN_DIRECT_OBJC_ISA_USAGE = YES_ERROR;
				CLANG_WARN_DOCUMENTATION_COMMENTS = YES;
				CLANG_WARN_EMPTY_BODY = YES;
				CLANG_WARN_ENUM_CONVERSION = YES;
				CLANG_WARN_INFINITE_RECURSION = YES;
				CLANG_WARN_INT_CONVERSION = YES;
				CLANG_WARN_NON_LITERAL_NULL_CONVERSION = YES;
				CLANG_WARN_OBJC_IMPLICIT_RETAIN_SELF = YES;
				CLANG_WARN_OBJC_LITERAL_CONVERSION = YES;
				CLANG_WARN_OBJC_ROOT_CLASS = YES_ERROR;
				CLANG_WARN_RANGE_LOOP_ANALYSIS = YES;
				CLANG_WARN_STRICT_PROTOTYPES = YES;
				CLANG_WARN_SUSPICIOUS_MOVE = YES;
				CLANG_WARN_UNGUARDED_AVAILABILITY = YES_AGGRESSIVE;
				CLANG_WARN_UNREACHABLE_CODE = YES;
				CLANG_WARN__DUPLICATE_METHOD_MATCH = YES;
				CODE_SIGN_IDENTITY = "-";
				CODE_SIGN_STYLE = Automatic;
				COPY_PHASE_STRIP = NO;
				DEBUG_INFORMATION_FORMAT = dwarf;
				ENABLE_STRICT_OBJC_MSGSEND = YES;
				ENABLE_TESTABILITY = YES;
				EXECUTABLE_PREFIX = lib;
				"FRAMEWORK_SEARCH_PATHS[arch=*]" = /Library/Frameworks;
				GCC_C_LANGUAGE_STANDARD = gnu11;
				GCC_DYNAMIC_NO_PIC = NO;
				GCC_NO_COMMON_BLOCKS = YES;
				GCC_OPTIMIZATION_LEVEL = 0;
				GCC_PREPROCESSOR_DEFINITIONS = (
					"DEBUG=1",
					"$(inherited)",
				);
				GCC_WARN_64_TO_32_BIT_CONVERSION = YES;
				GCC_WARN_ABOUT_RETURN_TYPE = YES_ERROR;
				GCC_WARN_UNDECLARED_SELECTOR = YES;
				GCC_WARN_UNINITIALIZED_AUTOS = YES_AGGRESSIVE;
				GCC_WARN_UNUSED_FUNCTION = YES;
				GCC_WARN_UNUSED_VARIABLE = YES;
				LD_RUNPATH_SEARCH_PATHS = (
					"$(inherited)",
					"@executable_path/../Frameworks",
					"@loader_path/../Frameworks",
				);
				MACOSX_DEPLOYMENT_TARGET = 10.14;
				MTL_ENABLE_DEBUG_INFO = INCLUDE_SOURCE;
				MTL_FAST_MATH = YES;
				ONLY_ACTIVE_ARCH = YES;
				PRODUCT_NAME = "$(TARGET_NAME)";
				SDKROOT = macosx;
				SKIP_INSTALL = YES;
				SWIFT_OBJC_BRIDGING_HEADER = "WebLook/WebLook-Bridging-Header.h";
				SWIFT_OPTIMIZATION_LEVEL = "-Onone";
				SWIFT_VERSION = 4.2;
			};
			name = Debug;
		};
		0A138B472271E94B00064177 /* Release */ = {
			isa = XCBuildConfiguration;
			buildSettings = {
				ALWAYS_SEARCH_USER_PATHS = NO;
				CLANG_ANALYZER_NONNULL = YES;
				CLANG_ANALYZER_NUMBER_OBJECT_CONVERSION = YES_AGGRESSIVE;
				CLANG_CXX_LANGUAGE_STANDARD = "gnu++14";
				CLANG_CXX_LIBRARY = "libc++";
				CLANG_ENABLE_MODULES = YES;
				CLANG_ENABLE_OBJC_ARC = YES;
				CLANG_ENABLE_OBJC_WEAK = YES;
				CLANG_WARN_BLOCK_CAPTURE_AUTORELEASING = YES;
				CLANG_WARN_BOOL_CONVERSION = YES;
				CLANG_WARN_COMMA = YES;
				CLANG_WARN_CONSTANT_CONVERSION = YES;
				CLANG_WARN_DEPRECATED_OBJC_IMPLEMENTATIONS = YES;
				CLANG_WARN_DIRECT_OBJC_ISA_USAGE = YES_ERROR;
				CLANG_WARN_DOCUMENTATION_COMMENTS = YES;
				CLANG_WARN_EMPTY_BODY = YES;
				CLANG_WARN_ENUM_CONVERSION = YES;
				CLANG_WARN_INFINITE_RECURSION = YES;
				CLANG_WARN_INT_CONVERSION = YES;
				CLANG_WARN_NON_LITERAL_NULL_CONVERSION = YES;
				CLANG_WARN_OBJC_IMPLICIT_RETAIN_SELF = YES;
				CLANG_WARN_OBJC_LITERAL_CONVERSION = YES;
				CLANG_WARN_OBJC_ROOT_CLASS = YES_ERROR;
				CLANG_WARN_RANGE_LOOP_ANALYSIS = YES;
				CLANG_WARN_STRICT_PROTOTYPES = YES;
				CLANG_WARN_SUSPICIOUS_MOVE = YES;
				CLANG_WARN_UNGUARDED_AVAILABILITY = YES_AGGRESSIVE;
				CLANG_WARN_UNREACHABLE_CODE = YES;
				CLANG_WARN__DUPLICATE_METHOD_MATCH = YES;
				CODE_SIGN_IDENTITY = "-";
				CODE_SIGN_STYLE = Automatic;
				COPY_PHASE_STRIP = NO;
				DEBUG_INFORMATION_FORMAT = "dwarf-with-dsym";
				ENABLE_NS_ASSERTIONS = NO;
				ENABLE_STRICT_OBJC_MSGSEND = YES;
				EXECUTABLE_PREFIX = lib;
				"FRAMEWORK_SEARCH_PATHS[arch=*]" = /Library/Frameworks;
				GCC_C_LANGUAGE_STANDARD = gnu11;
				GCC_NO_COMMON_BLOCKS = YES;
				GCC_WARN_64_TO_32_BIT_CONVERSION = YES;
				GCC_WARN_ABOUT_RETURN_TYPE = YES_ERROR;
				GCC_WARN_UNDECLARED_SELECTOR = YES;
				GCC_WARN_UNINITIALIZED_AUTOS = YES_AGGRESSIVE;
				GCC_WARN_UNUSED_FUNCTION = YES;
				GCC_WARN_UNUSED_VARIABLE = YES;
				LD_RUNPATH_SEARCH_PATHS = (
					"$(inherited)",
					"@executable_path/../Frameworks",
					"@loader_path/../Frameworks",
				);
				MACOSX_DEPLOYMENT_TARGET = 10.14;
				MTL_ENABLE_DEBUG_INFO = NO;
				MTL_FAST_MATH = YES;
				PRODUCT_NAME = "$(TARGET_NAME)";
				SDKROOT = macosx;
				SKIP_INSTALL = YES;
				SWIFT_OBJC_BRIDGING_HEADER = "WebLook/WebLook-Bridging-Header.h";
				SWIFT_VERSION = 4.2;
			};
			name = Release;
		};
		0A138B61227231D100064177 /* Debug */ = {
			isa = XCBuildConfiguration;
			buildSettings = {
				ALWAYS_SEARCH_USER_PATHS = NO;
				ASSETCATALOG_COMPILER_APPICON_NAME = AppIcon;
				CLANG_ANALYZER_NONNULL = YES;
				CLANG_ANALYZER_NUMBER_OBJECT_CONVERSION = YES_AGGRESSIVE;
				CLANG_CXX_LANGUAGE_STANDARD = "gnu++14";
				CLANG_CXX_LIBRARY = "libc++";
				CLANG_ENABLE_MODULES = YES;
				CLANG_ENABLE_OBJC_ARC = YES;
				CLANG_ENABLE_OBJC_WEAK = YES;
				CLANG_WARN_BLOCK_CAPTURE_AUTORELEASING = YES;
				CLANG_WARN_BOOL_CONVERSION = YES;
				CLANG_WARN_COMMA = YES;
				CLANG_WARN_CONSTANT_CONVERSION = YES;
				CLANG_WARN_DEPRECATED_OBJC_IMPLEMENTATIONS = YES;
				CLANG_WARN_DIRECT_OBJC_ISA_USAGE = YES_ERROR;
				CLANG_WARN_DOCUMENTATION_COMMENTS = YES;
				CLANG_WARN_EMPTY_BODY = YES;
				CLANG_WARN_ENUM_CONVERSION = YES;
				CLANG_WARN_INFINITE_RECURSION = YES;
				CLANG_WARN_INT_CONVERSION = YES;
				CLANG_WARN_NON_LITERAL_NULL_CONVERSION = YES;
				CLANG_WARN_OBJC_IMPLICIT_RETAIN_SELF = YES;
				CLANG_WARN_OBJC_LITERAL_CONVERSION = YES;
				CLANG_WARN_OBJC_ROOT_CLASS = YES_ERROR;
				CLANG_WARN_RANGE_LOOP_ANALYSIS = YES;
				CLANG_WARN_STRICT_PROTOTYPES = YES;
				CLANG_WARN_SUSPICIOUS_MOVE = YES;
				CLANG_WARN_UNGUARDED_AVAILABILITY = YES_AGGRESSIVE;
				CLANG_WARN_UNREACHABLE_CODE = YES;
				CLANG_WARN__DUPLICATE_METHOD_MATCH = YES;
				CODE_SIGN_ENTITLEMENTS = WebLookApplication/WebLookApplication.entitlements;
				CODE_SIGN_IDENTITY = "-";
				CODE_SIGN_STYLE = Automatic;
				COMBINE_HIDPI_IMAGES = YES;
				COPY_PHASE_STRIP = NO;
				DEBUG_INFORMATION_FORMAT = dwarf;
				ENABLE_STRICT_OBJC_MSGSEND = YES;
				ENABLE_TESTABILITY = YES;
				GCC_C_LANGUAGE_STANDARD = gnu11;
				GCC_DYNAMIC_NO_PIC = NO;
				GCC_NO_COMMON_BLOCKS = YES;
				GCC_OPTIMIZATION_LEVEL = 0;
				GCC_PREPROCESSOR_DEFINITIONS = (
					"DEBUG=1",
					"$(inherited)",
				);
				GCC_WARN_64_TO_32_BIT_CONVERSION = YES;
				GCC_WARN_ABOUT_RETURN_TYPE = YES_ERROR;
				GCC_WARN_UNDECLARED_SELECTOR = YES;
				GCC_WARN_UNINITIALIZED_AUTOS = YES_AGGRESSIVE;
				GCC_WARN_UNUSED_FUNCTION = YES;
				GCC_WARN_UNUSED_VARIABLE = YES;
				INFOPLIST_FILE = macOS/WebLookApplication/Info.plist;
				LD_RUNPATH_SEARCH_PATHS = (
					"$(inherited)",
					"@executable_path/../Frameworks",
				);
				MACOSX_DEPLOYMENT_TARGET = 10.14;
				MTL_ENABLE_DEBUG_INFO = INCLUDE_SOURCE;
				MTL_FAST_MATH = YES;
				ONLY_ACTIVE_ARCH = YES;
				PRODUCT_BUNDLE_IDENTIFIER = com.peppi.WebLookApplication;
				PRODUCT_NAME = "$(TARGET_NAME)";
				SDKROOT = macosx;
				SWIFT_ACTIVE_COMPILATION_CONDITIONS = DEBUG;
				SWIFT_OBJC_BRIDGING_HEADER = "macOS/Render/WebLook-Bridging-Header.h";
				SWIFT_OPTIMIZATION_LEVEL = "-Onone";
				SWIFT_VERSION = 4.2;
			};
			name = Debug;
		};
		0A138B62227231D100064177 /* Release */ = {
			isa = XCBuildConfiguration;
			buildSettings = {
				ALWAYS_SEARCH_USER_PATHS = NO;
				ASSETCATALOG_COMPILER_APPICON_NAME = AppIcon;
				CLANG_ANALYZER_NONNULL = YES;
				CLANG_ANALYZER_NUMBER_OBJECT_CONVERSION = YES_AGGRESSIVE;
				CLANG_CXX_LANGUAGE_STANDARD = "gnu++14";
				CLANG_CXX_LIBRARY = "libc++";
				CLANG_ENABLE_MODULES = YES;
				CLANG_ENABLE_OBJC_ARC = YES;
				CLANG_ENABLE_OBJC_WEAK = YES;
				CLANG_WARN_BLOCK_CAPTURE_AUTORELEASING = YES;
				CLANG_WARN_BOOL_CONVERSION = YES;
				CLANG_WARN_COMMA = YES;
				CLANG_WARN_CONSTANT_CONVERSION = YES;
				CLANG_WARN_DEPRECATED_OBJC_IMPLEMENTATIONS = YES;
				CLANG_WARN_DIRECT_OBJC_ISA_USAGE = YES_ERROR;
				CLANG_WARN_DOCUMENTATION_COMMENTS = YES;
				CLANG_WARN_EMPTY_BODY = YES;
				CLANG_WARN_ENUM_CONVERSION = YES;
				CLANG_WARN_INFINITE_RECURSION = YES;
				CLANG_WARN_INT_CONVERSION = YES;
				CLANG_WARN_NON_LITERAL_NULL_CONVERSION = YES;
				CLANG_WARN_OBJC_IMPLICIT_RETAIN_SELF = YES;
				CLANG_WARN_OBJC_LITERAL_CONVERSION = YES;
				CLANG_WARN_OBJC_ROOT_CLASS = YES_ERROR;
				CLANG_WARN_RANGE_LOOP_ANALYSIS = YES;
				CLANG_WARN_STRICT_PROTOTYPES = YES;
				CLANG_WARN_SUSPICIOUS_MOVE = YES;
				CLANG_WARN_UNGUARDED_AVAILABILITY = YES_AGGRESSIVE;
				CLANG_WARN_UNREACHABLE_CODE = YES;
				CLANG_WARN__DUPLICATE_METHOD_MATCH = YES;
				CODE_SIGN_ENTITLEMENTS = WebLookApplication/WebLookApplication.entitlements;
				CODE_SIGN_IDENTITY = "-";
				CODE_SIGN_STYLE = Automatic;
				COMBINE_HIDPI_IMAGES = YES;
				COPY_PHASE_STRIP = NO;
				DEBUG_INFORMATION_FORMAT = "dwarf-with-dsym";
				ENABLE_NS_ASSERTIONS = NO;
				ENABLE_STRICT_OBJC_MSGSEND = YES;
				GCC_C_LANGUAGE_STANDARD = gnu11;
				GCC_NO_COMMON_BLOCKS = YES;
				GCC_WARN_64_TO_32_BIT_CONVERSION = YES;
				GCC_WARN_ABOUT_RETURN_TYPE = YES_ERROR;
				GCC_WARN_UNDECLARED_SELECTOR = YES;
				GCC_WARN_UNINITIALIZED_AUTOS = YES_AGGRESSIVE;
				GCC_WARN_UNUSED_FUNCTION = YES;
				GCC_WARN_UNUSED_VARIABLE = YES;
				INFOPLIST_FILE = macOS/WebLookApplication/Info.plist;
				LD_RUNPATH_SEARCH_PATHS = (
					"$(inherited)",
					"@executable_path/../Frameworks",
				);
				MACOSX_DEPLOYMENT_TARGET = 10.14;
				MTL_ENABLE_DEBUG_INFO = NO;
				MTL_FAST_MATH = YES;
				PRODUCT_BUNDLE_IDENTIFIER = com.peppi.WebLookApplication;
				PRODUCT_NAME = "$(TARGET_NAME)";
				SDKROOT = macosx;
				SWIFT_COMPILATION_MODE = wholemodule;
				SWIFT_OBJC_BRIDGING_HEADER = "macOS/Render/WebLook-Bridging-Header.h";
				SWIFT_OPTIMIZATION_LEVEL = "-O";
				SWIFT_VERSION = 4.2;
			};
			name = Release;
		};
		0A138B7B2272394B00064177 /* Debug */ = {
			isa = XCBuildConfiguration;
			buildSettings = {
				ALWAYS_SEARCH_USER_PATHS = NO;
				CLANG_ANALYZER_NONNULL = YES;
				CLANG_ANALYZER_NUMBER_OBJECT_CONVERSION = YES_AGGRESSIVE;
				CLANG_CXX_LANGUAGE_STANDARD = "gnu++14";
				CLANG_CXX_LIBRARY = "libc++";
				CLANG_ENABLE_MODULES = YES;
				CLANG_ENABLE_OBJC_ARC = YES;
				CLANG_ENABLE_OBJC_WEAK = YES;
				CLANG_WARN_BLOCK_CAPTURE_AUTORELEASING = YES;
				CLANG_WARN_BOOL_CONVERSION = YES;
				CLANG_WARN_COMMA = YES;
				CLANG_WARN_CONSTANT_CONVERSION = YES;
				CLANG_WARN_DEPRECATED_OBJC_IMPLEMENTATIONS = YES;
				CLANG_WARN_DIRECT_OBJC_ISA_USAGE = YES_ERROR;
				CLANG_WARN_DOCUMENTATION_COMMENTS = YES;
				CLANG_WARN_EMPTY_BODY = YES;
				CLANG_WARN_ENUM_CONVERSION = YES;
				CLANG_WARN_INFINITE_RECURSION = YES;
				CLANG_WARN_INT_CONVERSION = YES;
				CLANG_WARN_NON_LITERAL_NULL_CONVERSION = YES;
				CLANG_WARN_OBJC_IMPLICIT_RETAIN_SELF = YES;
				CLANG_WARN_OBJC_LITERAL_CONVERSION = YES;
				CLANG_WARN_OBJC_ROOT_CLASS = YES_ERROR;
				CLANG_WARN_RANGE_LOOP_ANALYSIS = YES;
				CLANG_WARN_STRICT_PROTOTYPES = YES;
				CLANG_WARN_SUSPICIOUS_MOVE = YES;
				CLANG_WARN_UNGUARDED_AVAILABILITY = YES_AGGRESSIVE;
				CLANG_WARN_UNREACHABLE_CODE = YES;
				CLANG_WARN__DUPLICATE_METHOD_MATCH = YES;
				CODE_SIGN_IDENTITY = "-";
				CODE_SIGN_STYLE = Automatic;
				COMBINE_HIDPI_IMAGES = YES;
				COPY_PHASE_STRIP = NO;
				DEBUG_INFORMATION_FORMAT = dwarf;
				ENABLE_STRICT_OBJC_MSGSEND = YES;
				ENABLE_TESTABILITY = YES;
				FRAMEWORK_SEARCH_PATHS = (
					"$(inherited)",
					"$(PROJECT_DIR)/../../../../../../Library/Frameworks",
				);
				GCC_C_LANGUAGE_STANDARD = gnu11;
				GCC_DYNAMIC_NO_PIC = NO;
				GCC_NO_COMMON_BLOCKS = YES;
				GCC_OPTIMIZATION_LEVEL = 0;
				GCC_PREPROCESSOR_DEFINITIONS = (
					"DEBUG=1",
					"$(inherited)",
				);
				GCC_WARN_64_TO_32_BIT_CONVERSION = YES;
				GCC_WARN_ABOUT_RETURN_TYPE = YES_ERROR;
				GCC_WARN_UNDECLARED_SELECTOR = YES;
				GCC_WARN_UNINITIALIZED_AUTOS = YES_AGGRESSIVE;
				GCC_WARN_UNUSED_FUNCTION = YES;
				GCC_WARN_UNUSED_VARIABLE = YES;
				INFOPLIST_FILE = macOS/WebLookQuickLookPlugIn/Info.plist;
				INSTALL_PATH = /Library/QuickLook;
				MACOSX_DEPLOYMENT_TARGET = 10.14;
				MTL_ENABLE_DEBUG_INFO = INCLUDE_SOURCE;
				MTL_FAST_MATH = YES;
				ONLY_ACTIVE_ARCH = YES;
				PRODUCT_BUNDLE_IDENTIFIER = com.peppi.WebLookQuickLookPlugIn;
				PRODUCT_NAME = "$(TARGET_NAME)";
				SDKROOT = macosx;
				WRAPPER_EXTENSION = qlgenerator;
			};
			name = Debug;
		};
		0A138B7C2272394B00064177 /* Release */ = {
			isa = XCBuildConfiguration;
			buildSettings = {
				ALWAYS_SEARCH_USER_PATHS = NO;
				CLANG_ANALYZER_NONNULL = YES;
				CLANG_ANALYZER_NUMBER_OBJECT_CONVERSION = YES_AGGRESSIVE;
				CLANG_CXX_LANGUAGE_STANDARD = "gnu++14";
				CLANG_CXX_LIBRARY = "libc++";
				CLANG_ENABLE_MODULES = YES;
				CLANG_ENABLE_OBJC_ARC = YES;
				CLANG_ENABLE_OBJC_WEAK = YES;
				CLANG_WARN_BLOCK_CAPTURE_AUTORELEASING = YES;
				CLANG_WARN_BOOL_CONVERSION = YES;
				CLANG_WARN_COMMA = YES;
				CLANG_WARN_CONSTANT_CONVERSION = YES;
				CLANG_WARN_DEPRECATED_OBJC_IMPLEMENTATIONS = YES;
				CLANG_WARN_DIRECT_OBJC_ISA_USAGE = YES_ERROR;
				CLANG_WARN_DOCUMENTATION_COMMENTS = YES;
				CLANG_WARN_EMPTY_BODY = YES;
				CLANG_WARN_ENUM_CONVERSION = YES;
				CLANG_WARN_INFINITE_RECURSION = YES;
				CLANG_WARN_INT_CONVERSION = YES;
				CLANG_WARN_NON_LITERAL_NULL_CONVERSION = YES;
				CLANG_WARN_OBJC_IMPLICIT_RETAIN_SELF = YES;
				CLANG_WARN_OBJC_LITERAL_CONVERSION = YES;
				CLANG_WARN_OBJC_ROOT_CLASS = YES_ERROR;
				CLANG_WARN_RANGE_LOOP_ANALYSIS = YES;
				CLANG_WARN_STRICT_PROTOTYPES = YES;
				CLANG_WARN_SUSPICIOUS_MOVE = YES;
				CLANG_WARN_UNGUARDED_AVAILABILITY = YES_AGGRESSIVE;
				CLANG_WARN_UNREACHABLE_CODE = YES;
				CLANG_WARN__DUPLICATE_METHOD_MATCH = YES;
				CODE_SIGN_IDENTITY = "-";
				CODE_SIGN_STYLE = Automatic;
				COMBINE_HIDPI_IMAGES = YES;
				COPY_PHASE_STRIP = NO;
				DEBUG_INFORMATION_FORMAT = "dwarf-with-dsym";
				ENABLE_NS_ASSERTIONS = NO;
				ENABLE_STRICT_OBJC_MSGSEND = YES;
				FRAMEWORK_SEARCH_PATHS = (
					"$(inherited)",
					"$(PROJECT_DIR)/../../../../../../Library/Frameworks",
				);
				GCC_C_LANGUAGE_STANDARD = gnu11;
				GCC_NO_COMMON_BLOCKS = YES;
				GCC_WARN_64_TO_32_BIT_CONVERSION = YES;
				GCC_WARN_ABOUT_RETURN_TYPE = YES_ERROR;
				GCC_WARN_UNDECLARED_SELECTOR = YES;
				GCC_WARN_UNINITIALIZED_AUTOS = YES_AGGRESSIVE;
				GCC_WARN_UNUSED_FUNCTION = YES;
				GCC_WARN_UNUSED_VARIABLE = YES;
				INFOPLIST_FILE = macOS/WebLookQuickLookPlugIn/Info.plist;
				INSTALL_PATH = /Library/QuickLook;
				MACOSX_DEPLOYMENT_TARGET = 10.14;
				MTL_ENABLE_DEBUG_INFO = NO;
				MTL_FAST_MATH = YES;
				PRODUCT_BUNDLE_IDENTIFIER = com.peppi.WebLookQuickLookPlugIn;
				PRODUCT_NAME = "$(TARGET_NAME)";
				SDKROOT = macosx;
				WRAPPER_EXTENSION = qlgenerator;
			};
			name = Release;
		};
		0A3EFFBA226F64080052FA0E /* Debug */ = {
			isa = XCBuildConfiguration;
			buildSettings = {
			};
			name = Debug;
		};
		0A3EFFBB226F64080052FA0E /* Release */ = {
			isa = XCBuildConfiguration;
			buildSettings = {
			};
			name = Release;
		};
/* End XCBuildConfiguration section */

/* Begin XCConfigurationList section */
		0A138B482271E94B00064177 /* Build configuration list for PBXNativeTarget "WebLook" */ = {
			isa = XCConfigurationList;
			buildConfigurations = (
				0A138B462271E94B00064177 /* Debug */,
				0A138B472271E94B00064177 /* Release */,
			);
			defaultConfigurationIsVisible = 0;
			defaultConfigurationName = Release;
		};
		0A138B60227231D100064177 /* Build configuration list for PBXNativeTarget "WebLookApplication" */ = {
			isa = XCConfigurationList;
			buildConfigurations = (
				0A138B61227231D100064177 /* Debug */,
				0A138B62227231D100064177 /* Release */,
			);
			defaultConfigurationIsVisible = 0;
			defaultConfigurationName = Release;
		};
		0A138B7A2272394B00064177 /* Build configuration list for PBXNativeTarget "WebLookQuickLookPlugIn" */ = {
			isa = XCConfigurationList;
			buildConfigurations = (
				0A138B7B2272394B00064177 /* Debug */,
				0A138B7C2272394B00064177 /* Release */,
			);
			defaultConfigurationIsVisible = 0;
			defaultConfigurationName = Release;
		};
		0A3EFFB9226F64080052FA0E /* Build configuration list for PBXProject "WebLook" */ = {
			isa = XCConfigurationList;
			buildConfigurations = (
				0A3EFFBA226F64080052FA0E /* Debug */,
				0A3EFFBB226F64080052FA0E /* Release */,
			);
			defaultConfigurationIsVisible = 0;
			defaultConfigurationName = Release;
		};
/* End XCConfigurationList section */
	};
	rootObject = 0A3EFFB6226F64080052FA0E /* Project object */;
}
